
Microsoft Visual Studio Solution File, Format Version 12.00
# Visual Studio Version 17
VisualStudioVersion = 17.8.34330.188
MinimumVisualStudioVersion = 10.0.40219.1
Project("{FAE04EC0-301F-11D3-BF4B-00C04F79EFBC}") = "WinFormsAppgorev", "WinFormsAppgorev\WinFormsAppgorev.csproj", "{752A6D9B-12EF-4C60-85F8-EFC65F26DC00}"
EndProject
Global
	GlobalSection(SolutionConfigurationPlatforms) = preSolution
		Debug|Any CPU = Debug|Any CPU
		Release|Any CPU = Release|Any CPU
	EndGlobalSection
	GlobalSection(ProjectConfigurationPlatforms) = postSolution
		{752A6D9B-12EF-4C60-85F8-EFC65F26DC00}.Debug|Any CPU.ActiveCfg = Debug|Any CPU
		{752A6D9B-12EF-4C60-85F8-EFC65F26DC00}.Debug|Any CPU.Build.0 = Debug|Any CPU
		{752A6D9B-12EF-4C60-85F8-EFC65F26DC00}.Release|Any CPU.ActiveCfg = Release|Any CPU
		{752A6D9B-12EF-4C60-85F8-EFC65F26DC00}.Release|Any CPU.Build.0 = Release|Any CPU
	EndGlobalSection
	GlobalSection(SolutionProperties) = preSolution
		HideSolutionNode = FALSE
	EndGlobalSection
	GlobalSection(ExtensibilityGlobals) = postSolution
		SolutionGuid = {F3474D28-3E43-4442-900E-ED53A6E230C1}
	EndGlobalSection
EndGlobal
